// !$*UTF8*$!
{
	archiveVersion = 1;
	classes = {
	};
	objectVersion = 54;
	objects = {

/* Begin PBXBuildFile section */
		E1503BD62B212E2800D6BE25 /* iPhoneNeoKeyboardLayoutService.swift in Sources */ = {isa = PBXBuildFile; fileRef = E1503BD32B212E2800D6BE25 /* iPhoneNeoKeyboardLayoutService.swift */; };
		E1503BD92B21305800D6BE25 /* NeoKeyboardLayoutService.swift in Sources */ = {isa = PBXBuildFile; fileRef = E1503BD82B21305800D6BE25 /* NeoKeyboardLayoutService.swift */; };
		E163EF9227E5F88F003DCBE5 /* KeyboardViewController.swift in Sources */ = {isa = PBXBuildFile; fileRef = E163EF9127E5F88F003DCBE5 /* KeyboardViewController.swift */; };
		E163EF9627E5F88F003DCBE5 /* German Neo.appex in Embed Foundation Extensions */ = {isa = PBXBuildFile; fileRef = E163EF8F27E5F88F003DCBE5 /* German Neo.appex */; settings = {ATTRIBUTES = (RemoveHeadersOnCopy, ); }; };
		E1B34BB72915969D00495A18 /* Sequence+compacted.swift in Sources */ = {isa = PBXBuildFile; fileRef = E9E97EBD073D2FF98A696E28 /* Sequence+compacted.swift */; };
		E1B34BB829159BB100495A18 /* Bool+else.swift in Sources */ = {isa = PBXBuildFile; fileRef = E9E9720086835F3326886B55 /* Bool+else.swift */; };
		E1B34BB929159BB100495A18 /* Bool+then.swift in Sources */ = {isa = PBXBuildFile; fileRef = E9E97088C34D597A778A7F9C /* Bool+then.swift */; };
		E1C83A0927E682870015B7D3 /* KeyboardKit in Frameworks */ = {isa = PBXBuildFile; productRef = E1C83A0827E682870015B7D3 /* KeyboardKit */; };
		E20000042E1CF00000000004 /* GermanNeoUtilityTests.swift in Sources */ = {isa = PBXBuildFile; fileRef = E20000012E1CF00000000001 /* GermanNeoUtilityTests.swift */; };
		E20000052E1CF00000000005 /* Bool+else.swift in Sources */ = {isa = PBXBuildFile; fileRef = E9E9720086835F3326886B55 /* Bool+else.swift */; };
		E20000062E1CF00000000006 /* Bool+then.swift in Sources */ = {isa = PBXBuildFile; fileRef = E9E97088C34D597A778A7F9C /* Bool+then.swift */; };
		E20000072E1CF00000000007 /* Sequence+compacted.swift in Sources */ = {isa = PBXBuildFile; fileRef = E9E97EBD073D2FF98A696E28 /* Sequence+compacted.swift */; };
		E9E9714F7009332ED014BFD5 /* ContentView.swift in Sources */ = {isa = PBXBuildFile; fileRef = E9E97CFFD85392ACF4FE2113 /* ContentView.swift */; };
		E9E975A35A40214F06D9785B /* Preview Assets.xcassets in Resources */ = {isa = PBXBuildFile; fileRef = E9E97222BF73749A8ABBDE7E /* Preview Assets.xcassets */; };
		E9E97AF83C35D7FA7B339718 /* NeoKeyboardApp.swift in Sources */ = {isa = PBXBuildFile; fileRef = E9E97A13AF69EFF6029B385B /* NeoKeyboardApp.swift */; };
		E9E97E44C70E4F10127E66DE /* Assets.xcassets in Resources */ = {isa = PBXBuildFile; fileRef = E9E97E28C37802F79D7FC738 /* Assets.xcassets */; };
/* End PBXBuildFile section */

/* Begin PBXContainerItemProxy section */
		E163EF9427E5F88F003DCBE5 /* PBXContainerItemProxy */ = {
			isa = PBXContainerItemProxy;
			containerPortal = E9E97BBD8E6C436BD7DDF08D /* Project object */;
			proxyType = 1;
			remoteGlobalIDString = E163EF8E27E5F88F003DCBE5;
			remoteInfo = "German (Neo)";
		};
/* End PBXContainerItemProxy section */

/* Begin PBXCopyFilesBuildPhase section */
		E163EF7627E5EED9003DCBE5 /* Embed Foundation Extensions */ = {
			isa = PBXCopyFilesBuildPhase;
			buildActionMask = 2147483647;
			dstPath = "";
			dstSubfolderSpec = 13;
			files = (
				E163EF9627E5F88F003DCBE5 /* German Neo.appex in Embed Foundation Extensions */,
			);
			name = "Embed Foundation Extensions";
			runOnlyForDeploymentPostprocessing = 0;
		};
/* End PBXCopyFilesBuildPhase section */

/* Begin PBXFileReference section */
		E101F8CF2C46B0F80039CD6C /* README.md */ = {isa = PBXFileReference; lastKnownFileType = net.daringfireball.markdown; path = README.md; sourceTree = "<group>"; };
		E1503BD32B212E2800D6BE25 /* iPhoneNeoKeyboardLayoutService.swift */ = {isa = PBXFileReference; fileEncoding = 4; lastKnownFileType = sourcecode.swift; path = iPhoneNeoKeyboardLayoutService.swift; sourceTree = "<group>"; };
		E1503BD82B21305800D6BE25 /* NeoKeyboardLayoutService.swift */ = {isa = PBXFileReference; lastKnownFileType = sourcecode.swift; path = NeoKeyboardLayoutService.swift; sourceTree = "<group>"; };
		E163EF8F27E5F88F003DCBE5 /* German Neo.appex */ = {isa = PBXFileReference; explicitFileType = "wrapper.app-extension"; includeInIndex = 0; path = "German Neo.appex"; sourceTree = BUILT_PRODUCTS_DIR; };
		E163EF9127E5F88F003DCBE5 /* KeyboardViewController.swift */ = {isa = PBXFileReference; lastKnownFileType = sourcecode.swift; path = KeyboardViewController.swift; sourceTree = "<group>"; };
		E163EF9327E5F88F003DCBE5 /* Info.plist */ = {isa = PBXFileReference; lastKnownFileType = text.plist.xml; path = Info.plist; sourceTree = "<group>"; };
		E20000012E1CF00000000001 /* GermanNeoUtilityTests.swift */ = {isa = PBXFileReference; lastKnownFileType = sourcecode.swift; path = GermanNeoUtilityTests.swift; sourceTree = "<group>"; };
		E20000032E1CF00000000003 /* German NeoTests.xctest */ = {isa = PBXFileReference; explicitFileType = wrapper.cfbundle; includeInIndex = 0; path = "German NeoTests.xctest"; sourceTree = BUILT_PRODUCTS_DIR; };
		E1B5F73B2D84A1F300E20BCC /* Info.plist */ = {isa = PBXFileReference; lastKnownFileType = text.plist.xml; path = Info.plist; sourceTree = "<group>"; };
		E1DC75502D4E79E50071629E /* LICENSE */ = {isa = PBXFileReference; lastKnownFileType = text; path = LICENSE; sourceTree = "<group>"; };
		E9E97088C34D597A778A7F9C /* Bool+then.swift */ = {isa = PBXFileReference; fileEncoding = 4; lastKnownFileType = sourcecode.swift; path = "Bool+then.swift"; sourceTree = "<group>"; };
		E9E9720086835F3326886B55 /* Bool+else.swift */ = {isa = PBXFileReference; fileEncoding = 4; lastKnownFileType = sourcecode.swift; path = "Bool+else.swift"; sourceTree = "<group>"; };
		E9E97222BF73749A8ABBDE7E /* Preview Assets.xcassets */ = {isa = PBXFileReference; lastKnownFileType = folder.assetcatalog; path = "Preview Assets.xcassets"; sourceTree = "<group>"; };
		E9E976107CC53B32F389D4E4 /* Neo Keyboard.app */ = {isa = PBXFileReference; explicitFileType = wrapper.application; includeInIndex = 0; path = "Neo Keyboard.app"; sourceTree = BUILT_PRODUCTS_DIR; };
		E9E9779B16E35EC430C97E34 /* .gitignore */ = {isa = PBXFileReference; lastKnownFileType = file.gitignore; path = .gitignore; sourceTree = "<group>"; };
		E9E97A13AF69EFF6029B385B /* NeoKeyboardApp.swift */ = {isa = PBXFileReference; lastKnownFileType = sourcecode.swift; path = NeoKeyboardApp.swift; sourceTree = "<group>"; };
		E9E97CFFD85392ACF4FE2113 /* ContentView.swift */ = {isa = PBXFileReference; lastKnownFileType = sourcecode.swift; path = ContentView.swift; sourceTree = "<group>"; };
		E9E97E28C37802F79D7FC738 /* Assets.xcassets */ = {isa = PBXFileReference; lastKnownFileType = folder.assetcatalog; path = Assets.xcassets; sourceTree = "<group>"; };
		E9E97EBD073D2FF98A696E28 /* Sequence+compacted.swift */ = {isa = PBXFileReference; fileEncoding = 4; lastKnownFileType = sourcecode.swift; path = "Sequence+compacted.swift"; sourceTree = "<group>"; };
/* End PBXFileReference section */

/* Begin PBXFrameworksBuildPhase section */
		E163EF8C27E5F88F003DCBE5 /* Frameworks */ = {
			isa = PBXFrameworksBuildPhase;
			buildActionMask = 2147483647;
			files = (
				E1C83A0927E682870015B7D3 /* KeyboardKit in Frameworks */,
			);
			runOnlyForDeploymentPostprocessing = 0;
		};
		E9E970AFB22579897C3FFDC3 /* Frameworks */ = {
			isa = PBXFrameworksBuildPhase;
			buildActionMask = 2147483647;
			files = (
			);
			runOnlyForDeploymentPostprocessing = 0;
		};
		E20000082E1CF00000000008 /* Frameworks */ = {
			isa = PBXFrameworksBuildPhase;
			buildActionMask = 2147483647;
			files = (
			);
			runOnlyForDeploymentPostprocessing = 0;
		};
/* End PBXFrameworksBuildPhase section */

/* Begin PBXGroup section */
		E163EF9027E5F88F003DCBE5 /* German Neo */ = {
			isa = PBXGroup;
			children = (
				E1503BD32B212E2800D6BE25 /* iPhoneNeoKeyboardLayoutService.swift */,
				E163EF9127E5F88F003DCBE5 /* KeyboardViewController.swift */,
				E163EF9327E5F88F003DCBE5 /* Info.plist */,
				E9E97EBD073D2FF98A696E28 /* Sequence+compacted.swift */,
				E9E9720086835F3326886B55 /* Bool+else.swift */,
				E9E97088C34D597A778A7F9C /* Bool+then.swift */,
				E1503BD82B21305800D6BE25 /* NeoKeyboardLayoutService.swift */,
			);
			path = "German Neo";
			sourceTree = "<group>";
		};
		E20000022E1CF00000000002 /* German NeoTests */ = {
			isa = PBXGroup;
			children = (
				E20000012E1CF00000000001 /* GermanNeoUtilityTests.swift */,
			);
			path = "German NeoTests";
			sourceTree = "<group>";
		};
		E1B34BB42915944C00495A18 /* Frameworks */ = {
			isa = PBXGroup;
			children = (
			);
			name = Frameworks;
			sourceTree = "<group>";
		};
		E9E975BC38E14F86A180EB12 /* Products */ = {
			isa = PBXGroup;
			children = (
				E9E976107CC53B32F389D4E4 /* Neo Keyboard.app */,
				E163EF8F27E5F88F003DCBE5 /* German Neo.appex */,
				E20000032E1CF00000000003 /* German NeoTests.xctest */,
			);
			name = Products;
			sourceTree = "<group>";
		};
		E9E9787F777A41B47A8E2083 /* Neo Keyboard */ = {
			isa = PBXGroup;
			children = (
				E9E97E28C37802F79D7FC738 /* Assets.xcassets */,
				E9E978F6ABDC57AA5672D83E /* Preview Content */,
				E9E97A13AF69EFF6029B385B /* NeoKeyboardApp.swift */,
				E9E97CFFD85392ACF4FE2113 /* ContentView.swift */,
				E1B5F73B2D84A1F300E20BCC /* Info.plist */,
			);
			path = "Neo Keyboard";
			sourceTree = "<group>";
		};
		E9E978F6ABDC57AA5672D83E /* Preview Content */ = {
			isa = PBXGroup;
			children = (
				E9E97222BF73749A8ABBDE7E /* Preview Assets.xcassets */,
			);
			path = "Preview Content";
			sourceTree = "<group>";
		};
		E9E97CFA0BF4CBB103F80A3A = {
			isa = PBXGroup;
			children = (
				E1DC75502D4E79E50071629E /* LICENSE */,
				E101F8CF2C46B0F80039CD6C /* README.md */,
				E163EF9027E5F88F003DCBE5 /* German Neo */,
				E20000022E1CF00000000002 /* German NeoTests */,
				E9E975BC38E14F86A180EB12 /* Products */,
				E9E9787F777A41B47A8E2083 /* Neo Keyboard */,
				E1B34BB42915944C00495A18 /* Frameworks */,
				E9E9779B16E35EC430C97E34 /* .gitignore */,
			);
			sourceTree = "<group>";
		};
/* End PBXGroup section */

/* Begin PBXNativeTarget section */
		E163EF8E27E5F88F003DCBE5 /* German Neo */ = {
			isa = PBXNativeTarget;
			buildConfigurationList = E163EF9727E5F88F003DCBE5 /* Build configuration list for PBXNativeTarget "German Neo" */;
			buildPhases = (
				E163EF8B27E5F88F003DCBE5 /* Sources */,
				E163EF8C27E5F88F003DCBE5 /* Frameworks */,
				E163EF8D27E5F88F003DCBE5 /* Resources */,
			);
			buildRules = (
			);
			dependencies = (
			);
			name = "German Neo";
			packageProductDependencies = (
				E1C83A0827E682870015B7D3 /* KeyboardKit */,
			);
			productName = "German (Neo)";
			productReference = E163EF8F27E5F88F003DCBE5 /* German Neo.appex */;
			productType = "com.apple.product-type.app-extension";
		};
		E200000B2E1CF0000000000B /* German NeoTests */ = {
			isa = PBXNativeTarget;
			buildConfigurationList = E200000C2E1CF0000000000C /* Build configuration list for PBXNativeTarget "German NeoTests" */;
			buildPhases = (
				E200000A2E1CF0000000000A /* Sources */,
				E20000082E1CF00000000008 /* Frameworks */,
				E20000092E1CF00000000009 /* Resources */,
			);
			buildRules = (
			);
			dependencies = (
			);
			name = "German NeoTests";
			packageProductDependencies = (
			);
			productName = "German NeoTests";
			productReference = E20000032E1CF00000000003 /* German NeoTests.xctest */;
			productType = "com.apple.product-type.bundle.unit-test";
		};
		E9E9746E5D687F9B248A918C /* Neo Keyboard */ = {
			isa = PBXNativeTarget;
			buildConfigurationList = E9E97F9FA2B0A1AEC62187D9 /* Build configuration list for PBXNativeTarget "Neo Keyboard" */;
			buildPhases = (
				E9E97E925A866E5C22BE850F /* Sources */,
				E9E970AFB22579897C3FFDC3 /* Frameworks */,
				E9E97011AE11352AABA266E7 /* Resources */,
				E163EF7627E5EED9003DCBE5 /* Embed Foundation Extensions */,
			);
			buildRules = (
			);
			dependencies = (
				E163EF9527E5F88F003DCBE5 /* PBXTargetDependency */,
			);
			name = "Neo Keyboard";
			packageProductDependencies = (
			);
			productName = "Neo Keyboard";
			productReference = E9E976107CC53B32F389D4E4 /* Neo Keyboard.app */;
			productType = "com.apple.product-type.application";
		};
/* End PBXNativeTarget section */

/* Begin PBXProject section */
		E9E97BBD8E6C436BD7DDF08D /* Project object */ = {
			isa = PBXProject;
			attributes = {
				BuildIndependentTargetsInParallel = YES;
				LastSwiftUpdateCheck = 1320;
				LastUpgradeCheck = 1640;
				ORGANIZATIONNAME = "valo.media GmbH";
				TargetAttributes = {
					E163EF8E27E5F88F003DCBE5 = {
						CreatedOnToolsVersion = 13.2.1;
						ProvisioningStyle = Automatic;
					};
					E200000B2E1CF0000000000B = {
						CreatedOnToolsVersion = 16.4;
						TestTargetID = E163EF8E27E5F88F003DCBE5;
					};
				};
			};
			buildConfigurationList = E9E971FD2E5E4180F51517DE /* Build configuration list for PBXProject "Neo Keyboard" */;
			compatibilityVersion = "Xcode 3.2";
			developmentRegion = en;
			hasScannedForEncodings = 0;
			knownRegions = (
				en,
				Base,
			);
			mainGroup = E9E97CFA0BF4CBB103F80A3A;
			packageReferences = (
				E1C83A0727E682870015B7D3 /* XCRemoteSwiftPackageReference "KeyboardKit" */,
			);
			productRefGroup = E9E975BC38E14F86A180EB12 /* Products */;
			projectDirPath = "";
			projectRoot = "";
			targets = (
				E9E9746E5D687F9B248A918C /* Neo Keyboard */,
				E163EF8E27E5F88F003DCBE5 /* German Neo */,
				E200000B2E1CF0000000000B /* German NeoTests */,
			);
		};
/* End PBXProject section */

/* Begin PBXResourcesBuildPhase section */
		E163EF8D27E5F88F003DCBE5 /* Resources */ = {
			isa = PBXResourcesBuildPhase;
			buildActionMask = 2147483647;
			files = (
			);
			runOnlyForDeploymentPostprocessing = 0;
		};
		E9E97011AE11352AABA266E7 /* Resources */ = {
			isa = PBXResourcesBuildPhase;
			buildActionMask = 2147483647;
			files = (
				E9E97E44C70E4F10127E66DE /* Assets.xcassets in Resources */,
				E9E975A35A40214F06D9785B /* Preview Assets.xcassets in Resources */,
			);
			runOnlyForDeploymentPostprocessing = 0;
		};
		E20000092E1CF00000000009 /* Resources */ = {
			isa = PBXResourcesBuildPhase;
			buildActionMask = 2147483647;
			files = (
			);
			runOnlyForDeploymentPostprocessing = 0;
		};
/* End PBXResourcesBuildPhase section */

/* Begin PBXSourcesBuildPhase section */
		E163EF8B27E5F88F003DCBE5 /* Sources */ = {
			isa = PBXSourcesBuildPhase;
			buildActionMask = 2147483647;
			files = (
				E1B34BB829159BB100495A18 /* Bool+else.swift in Sources */,
				E1B34BB929159BB100495A18 /* Bool+then.swift in Sources */,
				E1B34BB72915969D00495A18 /* Sequence+compacted.swift in Sources */,
				E1503BD62B212E2800D6BE25 /* iPhoneNeoKeyboardLayoutService.swift in Sources */,
				E1503BD92B21305800D6BE25 /* NeoKeyboardLayoutService.swift in Sources */,
				E163EF9227E5F88F003DCBE5 /* KeyboardViewController.swift in Sources */,
			);
			runOnlyForDeploymentPostprocessing = 0;
		};
		E9E97E925A866E5C22BE850F /* Sources */ = {
			isa = PBXSourcesBuildPhase;
			buildActionMask = 2147483647;
			files = (
				E9E97AF83C35D7FA7B339718 /* NeoKeyboardApp.swift in Sources */,
				E9E9714F7009332ED014BFD5 /* ContentView.swift in Sources */,
			);
			runOnlyForDeploymentPostprocessing = 0;
		};
		E200000A2E1CF0000000000A /* Sources */ = {
			isa = PBXSourcesBuildPhase;
			buildActionMask = 2147483647;
			files = (
				E20000042E1CF00000000004 /* GermanNeoUtilityTests.swift in Sources */,
				E20000052E1CF00000000005 /* Bool+else.swift in Sources */,
				E20000062E1CF00000000006 /* Bool+then.swift in Sources */,
				E20000072E1CF00000000007 /* Sequence+compacted.swift in Sources */,
			);
			runOnlyForDeploymentPostprocessing = 0;
		};
/* End PBXSourcesBuildPhase section */

/* Begin PBXTargetDependency section */
		E163EF9527E5F88F003DCBE5 /* PBXTargetDependency */ = {
			isa = PBXTargetDependency;
			target = E163EF8E27E5F88F003DCBE5 /* German Neo */;
			targetProxy = E163EF9427E5F88F003DCBE5 /* PBXContainerItemProxy */;
		};
/* End PBXTargetDependency section */

/* Begin XCBuildConfiguration section */
		E163EF9827E5F88F003DCBE5 /* Debug */ = {
			isa = XCBuildConfiguration;
			buildSettings = {
				CODE_SIGN_STYLE = Automatic;
				CURRENT_PROJECT_VERSION = 61;
				GENERATE_INFOPLIST_FILE = YES;
				INFOPLIST_FILE = "German Neo/Info.plist";
				INFOPLIST_KEY_CFBundleDisplayName = "German (Neo)";
				INFOPLIST_KEY_NSHumanReadableCopyright = "";
				LD_RUNPATH_SEARCH_PATHS = (
					"$(inherited)",
					"@executable_path/Frameworks",
					"@executable_path/../../Frameworks",
				);
				MARKETING_VERSION = 1.0.8;
				PRODUCT_BUNDLE_IDENTIFIER = "media.valo.Neo-Keyboard.German-Neo";
				PRODUCT_NAME = "$(TARGET_NAME)";
				SKIP_INSTALL = YES;
				SWIFT_EMIT_LOC_STRINGS = YES;
				SWIFT_VERSION = 5.0;
				TARGETED_DEVICE_FAMILY = "1,2";
			};
			name = Debug;
		};
		E163EF9927E5F88F003DCBE5 /* Release */ = {
			isa = XCBuildConfiguration;
			buildSettings = {
				CODE_SIGN_STYLE = Automatic;
				CURRENT_PROJECT_VERSION = 61;
				GENERATE_INFOPLIST_FILE = YES;
				INFOPLIST_FILE = "German Neo/Info.plist";
				INFOPLIST_KEY_CFBundleDisplayName = "German (Neo)";
				INFOPLIST_KEY_NSHumanReadableCopyright = "";
				LD_RUNPATH_SEARCH_PATHS = (
					"$(inherited)",
					"@executable_path/Frameworks",
					"@executable_path/../../Frameworks",
				);
				MARKETING_VERSION = 1.0.8;
				PRODUCT_BUNDLE_IDENTIFIER = "media.valo.Neo-Keyboard.German-Neo";
				PRODUCT_NAME = "$(TARGET_NAME)";
				SKIP_INSTALL = YES;
				SWIFT_EMIT_LOC_STRINGS = YES;
				SWIFT_VERSION = 5.0;
				TARGETED_DEVICE_FAMILY = "1,2";
			};
			name = Release;
		};
		E200000D2E1CF0000000000D /* Debug */ = {
			isa = XCBuildConfiguration;
			buildSettings = {
				CODE_SIGN_STYLE = Automatic;
				GENERATE_INFOPLIST_FILE = YES;
				IPHONEOS_DEPLOYMENT_TARGET = 15.2;
				LD_RUNPATH_SEARCH_PATHS = (
					"$(inherited)",
					"@executable_path/Frameworks",
					"@loader_path/Frameworks",
				);
				PRODUCT_BUNDLE_IDENTIFIER = "media.valo.Neo-Keyboard.German-NeoTests";
				PRODUCT_NAME = "$(TARGET_NAME)";
				SKIP_INSTALL = YES;
				SWIFT_VERSION = 5.0;
				TARGETED_DEVICE_FAMILY = "1,2";
				TEST_TARGET_NAME = "German Neo";
			};
			name = Debug;
		};
		E200000E2E1CF0000000000E /* Release */ = {
			isa = XCBuildConfiguration;
			buildSettings = {
				CODE_SIGN_STYLE = Automatic;
				GENERATE_INFOPLIST_FILE = YES;
				IPHONEOS_DEPLOYMENT_TARGET = 15.2;
				LD_RUNPATH_SEARCH_PATHS = (
					"$(inherited)",
					"@executable_path/Frameworks",
					"@loader_path/Frameworks",
				);
				PRODUCT_BUNDLE_IDENTIFIER = "media.valo.Neo-Keyboard.German-NeoTests";
				PRODUCT_NAME = "$(TARGET_NAME)";
				SKIP_INSTALL = YES;
				SWIFT_VERSION = 5.0;
				TARGETED_DEVICE_FAMILY = "1,2";
				TEST_TARGET_NAME = "German Neo";
			};
			name = Release;
		};
		E9E971805833BECA832288A6 /* Release */ = {
			isa = XCBuildConfiguration;
			buildSettings = {
				ASSETCATALOG_COMPILER_APPICON_NAME = AppIcon;
				ASSETCATALOG_COMPILER_GLOBAL_ACCENT_COLOR_NAME = AccentColor;
				CURRENT_PROJECT_VERSION = 61;
				DEVELOPMENT_ASSET_PATHS = "\"Neo Keyboard/Preview Content\"";
				ENABLE_PREVIEWS = YES;
				GENERATE_INFOPLIST_FILE = YES;
				INFOPLIST_FILE = "Neo Keyboard/Info.plist";
				INFOPLIST_KEY_LSApplicationCategoryType = "public.app-category.utilities";
				INFOPLIST_KEY_UIApplicationSceneManifest_Generation = YES;
				INFOPLIST_KEY_UIApplicationSupportsIndirectInputEvents = YES;
				INFOPLIST_KEY_UILaunchScreen_Generation = YES;
				INFOPLIST_KEY_UISupportedInterfaceOrientations_iPad = "UIInterfaceOrientationPortrait UIInterfaceOrientationPortraitUpsideDown UIInterfaceOrientationLandscapeLeft UIInterfaceOrientationLandscapeRight";
				INFOPLIST_KEY_UISupportedInterfaceOrientations_iPhone = "UIInterfaceOrientationPortrait UIInterfaceOrientationLandscapeLeft UIInterfaceOrientationLandscapeRight";
				LD_RUNPATH_SEARCH_PATHS = (
					"$(inherited)",
					"@executable_path/Frameworks",
				);
				MARKETING_VERSION = 1.0.8;
				PRODUCT_BUNDLE_IDENTIFIER = "media.valo.Neo-Keyboard";
				PRODUCT_NAME = "$(TARGET_NAME)";
				SWIFT_EMIT_LOC_STRINGS = YES;
				SWIFT_VERSION = 5.0;
				TARGETED_DEVICE_FAMILY = "1,2";
			};
			name = Release;
		};
		E9E975DF92BEBA8F76902B19 /* Release */ = {
			isa = XCBuildConfiguration;
			buildSettings = {
				ALWAYS_SEARCH_USER_PATHS = NO;
				ASSETCATALOG_COMPILER_GENERATE_SWIFT_ASSET_SYMBOL_EXTENSIONS = YES;
				CLANG_ANALYZER_LOCALIZABILITY_NONLOCALIZED = YES;
				CLANG_ANALYZER_NONNULL = YES;
				CLANG_ANALYZER_NUMBER_OBJECT_CONVERSION = YES_AGGRESSIVE;
				CLANG_CXX_LANGUAGE_STANDARD = "gnu++17";
				CLANG_CXX_LIBRARY = "libc++";
				CLANG_ENABLE_MODULES = YES;
				CLANG_ENABLE_OBJC_ARC = YES;
				CLANG_ENABLE_OBJC_WEAK = YES;
				CLANG_WARN_BLOCK_CAPTURE_AUTORELEASING = YES;
				CLANG_WARN_BOOL_CONVERSION = YES;
				CLANG_WARN_COMMA = YES;
				CLANG_WARN_CONSTANT_CONVERSION = YES;
				CLANG_WARN_DEPRECATED_OBJC_IMPLEMENTATIONS = YES;
				CLANG_WARN_DIRECT_OBJC_ISA_USAGE = YES_ERROR;
				CLANG_WARN_DOCUMENTATION_COMMENTS = YES;
				CLANG_WARN_EMPTY_BODY = YES;
				CLANG_WARN_ENUM_CONVERSION = YES;
				CLANG_WARN_INFINITE_RECURSION = YES;
				CLANG_WARN_INT_CONVERSION = YES;
				CLANG_WARN_NON_LITERAL_NULL_CONVERSION = YES;
				CLANG_WARN_OBJC_IMPLICIT_RETAIN_SELF = YES;
				CLANG_WARN_OBJC_LITERAL_CONVERSION = YES;
				CLANG_WARN_OBJC_ROOT_CLASS = YES_ERROR;
				CLANG_WARN_QUOTED_INCLUDE_IN_FRAMEWORK_HEADER = YES;
				CLANG_WARN_RANGE_LOOP_ANALYSIS = YES;
				CLANG_WARN_STRICT_PROTOTYPES = YES;
				CLANG_WARN_SUSPICIOUS_MOVE = YES;
				CLANG_WARN_UNGUARDED_AVAILABILITY = YES_AGGRESSIVE;
				CLANG_WARN_UNREACHABLE_CODE = YES;
				CLANG_WARN__DUPLICATE_METHOD_MATCH = YES;
				COPY_PHASE_STRIP = NO;
				DEBUG_INFORMATION_FORMAT = "dwarf-with-dsym";
				DEVELOPMENT_TEAM = PKW2VF887G;
				ENABLE_NS_ASSERTIONS = NO;
				ENABLE_STRICT_OBJC_MSGSEND = YES;
				ENABLE_USER_SCRIPT_SANDBOXING = YES;
				GCC_C_LANGUAGE_STANDARD = gnu11;
				GCC_NO_COMMON_BLOCKS = YES;
				GCC_WARN_64_TO_32_BIT_CONVERSION = YES;
				GCC_WARN_ABOUT_RETURN_TYPE = YES_ERROR;
				GCC_WARN_UNDECLARED_SELECTOR = YES;
				GCC_WARN_UNINITIALIZED_AUTOS = YES_AGGRESSIVE;
				GCC_WARN_UNUSED_FUNCTION = YES;
				GCC_WARN_UNUSED_VARIABLE = YES;
				IPHONEOS_DEPLOYMENT_TARGET = 15.2;
				MTL_ENABLE_DEBUG_INFO = NO;
				MTL_FAST_MATH = YES;
				OTHER_LDFLAGS = "";
				SDKROOT = iphoneos;
				SWIFT_COMPILATION_MODE = wholemodule;
				SWIFT_OPTIMIZATION_LEVEL = "-O";
				VALIDATE_PRODUCT = YES;
			};
			name = Release;
		};
		E9E976C34C890ADE9123921B /* Debug */ = {
			isa = XCBuildConfiguration;
			buildSettings = {
				ASSETCATALOG_COMPILER_APPICON_NAME = AppIcon;
				ASSETCATALOG_COMPILER_GLOBAL_ACCENT_COLOR_NAME = AccentColor;
				CURRENT_PROJECT_VERSION = 61;
				DEVELOPMENT_ASSET_PATHS = "\"Neo Keyboard/Preview Content\"";
				ENABLE_PREVIEWS = YES;
				GENERATE_INFOPLIST_FILE = YES;
				INFOPLIST_FILE = "Neo Keyboard/Info.plist";
				INFOPLIST_KEY_LSApplicationCategoryType = "public.app-category.utilities";
				INFOPLIST_KEY_UIApplicationSceneManifest_Generation = YES;
				INFOPLIST_KEY_UIApplicationSupportsIndirectInputEvents = YES;
				INFOPLIST_KEY_UILaunchScreen_Generation = YES;
				INFOPLIST_KEY_UISupportedInterfaceOrientations_iPad = "UIInterfaceOrientationPortrait UIInterfaceOrientationPortraitUpsideDown UIInterfaceOrientationLandscapeLeft UIInterfaceOrientationLandscapeRight";
				INFOPLIST_KEY_UISupportedInterfaceOrientations_iPhone = "UIInterfaceOrientationPortrait UIInterfaceOrientationLandscapeLeft UIInterfaceOrientationLandscapeRight";
				LD_RUNPATH_SEARCH_PATHS = (
					"$(inherited)",
					"@executable_path/Frameworks",
				);
				MARKETING_VERSION = 1.0.8;
				PRODUCT_BUNDLE_IDENTIFIER = "media.valo.Neo-Keyboard";
				PRODUCT_NAME = "$(TARGET_NAME)";
				SWIFT_EMIT_LOC_STRINGS = YES;
				SWIFT_VERSION = 5.0;
				TARGETED_DEVICE_FAMILY = "1,2";
			};
			name = Debug;
		};
		E9E97EAF5F89ADC363062D3E /* Debug */ = {
			isa = XCBuildConfiguration;
			buildSettings = {
				ALWAYS_SEARCH_USER_PATHS = NO;
				ASSETCATALOG_COMPILER_GENERATE_SWIFT_ASSET_SYMBOL_EXTENSIONS = YES;
				CLANG_ANALYZER_LOCALIZABILITY_NONLOCALIZED = YES;
				CLANG_ANALYZER_NONNULL = YES;
				CLANG_ANALYZER_NUMBER_OBJECT_CONVERSION = YES_AGGRESSIVE;
				CLANG_CXX_LANGUAGE_STANDARD = "gnu++17";
				CLANG_CXX_LIBRARY = "libc++";
				CLANG_ENABLE_MODULES = YES;
				CLANG_ENABLE_OBJC_ARC = YES;
				CLANG_ENABLE_OBJC_WEAK = YES;
				CLANG_WARN_BLOCK_CAPTURE_AUTORELEASING = YES;
				CLANG_WARN_BOOL_CONVERSION = YES;
				CLANG_WARN_COMMA = YES;
				CLANG_WARN_CONSTANT_CONVERSION = YES;
				CLANG_WARN_DEPRECATED_OBJC_IMPLEMENTATIONS = YES;
				CLANG_WARN_DIRECT_OBJC_ISA_USAGE = YES_ERROR;
				CLANG_WARN_DOCUMENTATION_COMMENTS = YES;
				CLANG_WARN_EMPTY_BODY = YES;
				CLANG_WARN_ENUM_CONVERSION = YES;
				CLANG_WARN_INFINITE_RECURSION = YES;
				CLANG_WARN_INT_CONVERSION = YES;
				CLANG_WARN_NON_LITERAL_NULL_CONVERSION = YES;
				CLANG_WARN_OBJC_IMPLICIT_RETAIN_SELF = YES;
				CLANG_WARN_OBJC_LITERAL_CONVERSION = YES;
				CLANG_WARN_OBJC_ROOT_CLASS = YES_ERROR;
				CLANG_WARN_QUOTED_INCLUDE_IN_FRAMEWORK_HEADER = YES;
				CLANG_WARN_RANGE_LOOP_ANALYSIS = YES;
				CLANG_WARN_STRICT_PROTOTYPES = YES;
				CLANG_WARN_SUSPICIOUS_MOVE = YES;
				CLANG_WARN_UNGUARDED_AVAILABILITY = YES_AGGRESSIVE;
				CLANG_WARN_UNREACHABLE_CODE = YES;
				CLANG_WARN__DUPLICATE_METHOD_MATCH = YES;
				COPY_PHASE_STRIP = NO;
				DEBUG_INFORMATION_FORMAT = dwarf;
				DEVELOPMENT_TEAM = PKW2VF887G;
				ENABLE_STRICT_OBJC_MSGSEND = YES;
				ENABLE_TESTABILITY = YES;
				ENABLE_USER_SCRIPT_SANDBOXING = YES;
				GCC_C_LANGUAGE_STANDARD = gnu11;
				GCC_DYNAMIC_NO_PIC = NO;
				GCC_NO_COMMON_BLOCKS = YES;
				GCC_OPTIMIZATION_LEVEL = 0;
				GCC_PREPROCESSOR_DEFINITIONS = (
					"DEBUG=1",
					"$(inherited)",
				);
				GCC_WARN_64_TO_32_BIT_CONVERSION = YES;
				GCC_WARN_ABOUT_RETURN_TYPE = YES_ERROR;
				GCC_WARN_UNDECLARED_SELECTOR = YES;
				GCC_WARN_UNINITIALIZED_AUTOS = YES_AGGRESSIVE;
				GCC_WARN_UNUSED_FUNCTION = YES;
				GCC_WARN_UNUSED_VARIABLE = YES;
				IPHONEOS_DEPLOYMENT_TARGET = 15.2;
				MTL_ENABLE_DEBUG_INFO = INCLUDE_SOURCE;
				MTL_FAST_MATH = YES;
				ONLY_ACTIVE_ARCH = YES;
				OTHER_LDFLAGS = "";
				SDKROOT = iphoneos;
				SWIFT_ACTIVE_COMPILATION_CONDITIONS = DEBUG;
				SWIFT_OPTIMIZATION_LEVEL = "-Onone";
			};
			name = Debug;
		};
/* End XCBuildConfiguration section */

/* Begin XCConfigurationList section */
		E163EF9727E5F88F003DCBE5 /* Build configuration list for PBXNativeTarget "German Neo" */ = {
			isa = XCConfigurationList;
			buildConfigurations = (
				E163EF9827E5F88F003DCBE5 /* Debug */,
				E163EF9927E5F88F003DCBE5 /* Release */,
			);
			defaultConfigurationIsVisible = 0;
			defaultConfigurationName = Release;
		};
		E200000C2E1CF0000000000C /* Build configuration list for PBXNativeTarget "German NeoTests" */ = {
			isa = XCConfigurationList;
			buildConfigurations = (
				E200000D2E1CF0000000000D /* Debug */,
				E200000E2E1CF0000000000E /* Release */,
			);
			defaultConfigurationIsVisible = 0;
			defaultConfigurationName = Release;
		};
		E9E971FD2E5E4180F51517DE /* Build configuration list for PBXProject "Neo Keyboard" */ = {
			isa = XCConfigurationList;
			buildConfigurations = (
				E9E97EAF5F89ADC363062D3E /* Debug */,
				E9E975DF92BEBA8F76902B19 /* Release */,
			);
			defaultConfigurationIsVisible = 0;
			defaultConfigurationName = Release;
		};
		E9E97F9FA2B0A1AEC62187D9 /* Build configuration list for PBXNativeTarget "Neo Keyboard" */ = {
			isa = XCConfigurationList;
			buildConfigurations = (
				E9E976C34C890ADE9123921B /* Debug */,
				E9E971805833BECA832288A6 /* Release */,
			);
			defaultConfigurationIsVisible = 0;
			defaultConfigurationName = Release;
		};
/* End XCConfigurationList section */

/* Begin XCRemoteSwiftPackageReference section */
		E1C83A0727E682870015B7D3 /* XCRemoteSwiftPackageReference "KeyboardKit" */ = {
			isa = XCRemoteSwiftPackageReference;
			repositoryURL = "https://github.com/KeyboardKit/KeyboardKit.git";
			requirement = {
				kind = upToNextMajorVersion;
				minimumVersion = 9.0.0;
			};
		};
/* End XCRemoteSwiftPackageReference section */

/* Begin XCSwiftPackageProductDependency section */
		E1C83A0827E682870015B7D3 /* KeyboardKit */ = {
			isa = XCSwiftPackageProductDependency;
			package = E1C83A0727E682870015B7D3 /* XCRemoteSwiftPackageReference "KeyboardKit" */;
			productName = KeyboardKit;
		};
/* End XCSwiftPackageProductDependency section */
	};
	rootObject = E9E97BBD8E6C436BD7DDF08D /* Project object */;
}
